PODS:
  - AVOSCloudDynamic (3.2.7)
  - AVOSCloudIMDynamic (3.2.7):
    - AVOSCloudDynamic

DEPENDENCIES:
  - AVOSCloudDynamic
  - AVOSCloudIMDynamic

SPEC CHECKSUMS:
  AVOSCloudDynamic: 1a64ed78c897be98d54d75fd4c8cff0a21e9eeb6
  AVOSCloudIMDynamic: e008feb17cadb7c8638839827f14eb49639a400e

COCOAPODS: 0.39.0
